// !$*UTF8*$!
{
	archiveVersion = 1;
	classes = {
	};
	objectVersion = 50;
	objects = {

/* Begin PBXBuildFile section */
		8CB8AEBA2222E19600C3D8D1 /* AppDelegate.swift in Sources */ = {isa = PBXBuildFile; fileRef = 8CB8AEB92222E19600C3D8D1 /* AppDelegate.swift */; };
		8CB8AEBF2222E19600C3D8D1 /* Main.storyboard in Resources */ = {isa = PBXBuildFile; fileRef = 8CB8AEBD2222E19600C3D8D1 /* Main.storyboard */; };
		8CB8AEC12222E19800C3D8D1 /* Assets.xcassets in Resources */ = {isa = PBXBuildFile; fileRef = 8CB8AEC02222E19800C3D8D1 /* Assets.xcassets */; };
		8CB8AEC42222E19800C3D8D1 /* LaunchScreen.storyboard in Resources */ = {isa = PBXBuildFile; fileRef = 8CB8AEC22222E19800C3D8D1 /* LaunchScreen.storyboard */; };
		8CB8AECC2222E1F900C3D8D1 /* ViewController.swift in Sources */ = {isa = PBXBuildFile; fileRef = 8CB8AECB2222E1F900C3D8D1 /* ViewController.swift */; };
		8CB8AECE2222E20600C3D8D1 /* MemoTableViewController.swift in Sources */ = {isa = PBXBuildFile; fileRef = 8CB8AECD2222E20600C3D8D1 /* MemoTableViewController.swift */; };
/* End PBXBuildFile section */

/* Begin PBXFileReference section */
		8CB8AEB62222E19600C3D8D1 /* tableTextView.app */ = {isa = PBXFileReference; explicitFileType = wrapper.application; includeInIndex = 0; path = tableTextView.app; sourceTree = BUILT_PRODUCTS_DIR; };
		8CB8AEB92222E19600C3D8D1 /* AppDelegate.swift */ = {isa = PBXFileReference; lastKnownFileType = sourcecode.swift; path = AppDelegate.swift; sourceTree = "<group>"; };
		8CB8AEBE2222E19600C3D8D1 /* Base */ = {isa = PBXFileReference; lastKnownFileType = file.storyboard; name = Base; path = Base.lproj/Main.storyboard; sourceTree = "<group>"; };
		8CB8AEC02222E19800C3D8D1 /* Assets.xcassets */ = {isa = PBXFileReference; lastKnownFileType = folder.assetcatalog; path = Assets.xcassets; sourceTree = "<group>"; };
		8CB8AEC32222E19800C3D8D1 /* Base */ = {isa = PBXFileReference; lastKnownFileType = file.storyboard; name = Base; path = Base.lproj/LaunchScreen.storyboard; sourceTree = "<group>"; };
		8CB8AEC52222E19800C3D8D1 /* Info.plist */ = {isa = PBXFileReference; lastKnownFileType = text.plist.xml; path = Info.plist; sourceTree = "<group>"; };
		8CB8AECB2222E1F900C3D8D1 /* ViewController.swift */ = {isa = PBXFileReference; lastKnownFileType = sourcecode.swift; path = ViewController.swift; sourceTree = "<group>"; };
		8CB8AECD2222E20600C3D8D1 /* MemoTableViewController.swift */ = {isa = PBXFileReference; lastKnownFileType = sourcecode.swift; path = MemoTableViewController.swift; sourceTree = "<group>"; };
/* End PBXFileReference section */

/* Begin PBXFrameworksBuildPhase section */
		8CB8AEB32222E19600C3D8D1 /* Frameworks */ = {
			isa = PBXFrameworksBuildPhase;
			buildActionMask = 2147483647;
			files = (
			);
			runOnlyForDeploymentPostprocessing = 0;
		};
/* End PBXFrameworksBuildPhase section */

/* Begin PBXGroup section */
		8CB8AEAD2222E19600C3D8D1 = {
			isa = PBXGroup;
			children = (
				8CB8AEB82222E19600C3D8D1 /* tableTextView */,
				8CB8AEB72222E19600C3D8D1 /* Products */,
			);
			sourceTree = "<group>";
		};
		8CB8AEB72222E19600C3D8D1 /* Products */ = {
			isa = PBXGroup;
			children = (
				8CB8AEB62222E19600C3D8D1 /* tableTextView.app */,
			);
			name = Products;
			sourceTree = "<group>";
		};
		8CB8AEB82222E19600C3D8D1 /* tableTextView */ = {
			isa = PBXGroup;
			children = (
				8CB8AEB92222E19600C3D8D1 /* AppDelegate.swift */,
				8CB8AECB2222E1F900C3D8D1 /* ViewController.swift */,
				8CB8AECD2222E20600C3D8D1 /* MemoTableViewController.swift */,
				8CB8AEBD2222E19600C3D8D1 /* Main.storyboard */,
				8CB8AEC02222E19800C3D8D1 /* Assets.xcassets */,
				8CB8AEC22222E19800C3D8D1 /* LaunchScreen.storyboard */,
				8CB8AEC52222E19800C3D8D1 /* Info.plist */,
			);
			path = tableTextView;
			sourceTree = "<group>";
		};
/* End PBXGroup section */

/* Begin PBXNativeTarget section */
		8CB8AEB52222E19600C3D8D1 /* tableTextView */ = {
			isa = PBXNativeTarget;
			buildConfigurationList = 8CB8AEC82222E19800C3D8D1 /* Build configuration list for PBXNativeTarget "tableTextView" */;
			buildPhases = (
				8CB8AEB22222E19600C3D8D1 /* Sources */,
				8CB8AEB32222E19600C3D8D1 /* Frameworks */,
				8CB8AEB42222E19600C3D8D1 /* Resources */,
			);
			buildRules = (
			);
			dependencies = (
			);
			name = tableTextView;
			productName = tableTextView;
			productReference = 8CB8AEB62222E19600C3D8D1 /* tableTextView.app */;
			productType = "com.apple.product-type.application";
		};
/* End PBXNativeTarget section */

/* Begin PBXProject section */
		8CB8AEAE2222E19600C3D8D1 /* Project object */ = {
			isa = PBXProject;
			attributes = {
				LastSwiftUpdateCheck = 1010;
				LastUpgradeCheck = 1010;
				ORGANIZATIONNAME = "古賀賢司";
				TargetAttributes = {
					8CB8AEB52222E19600C3D8D1 = {
						CreatedOnToolsVersion = 10.1;
					};
				};
			};
			buildConfigurationList = 8CB8AEB12222E19600C3D8D1 /* Build configuration list for PBXProject "tableTextView" */;
			compatibilityVersion = "Xcode 9.3";
			developmentRegion = en;
			hasScannedForEncodings = 0;
			knownRegions = (
				en,
				Base,
			);
			mainGroup = 8CB8AEAD2222E19600C3D8D1;
			productRefGroup = 8CB8AEB72222E19600C3D8D1 /* Products */;
			projectDirPath = "";
			projectRoot = "";
			targets = (
				8CB8AEB52222E19600C3D8D1 /* tableTextView */,
			);
		};
/* End PBXProject section */

/* Begin PBXResourcesBuildPhase section */
		8CB8AEB42222E19600C3D8D1 /* Resources */ = {
			isa = PBXResourcesBuildPhase;
			buildActionMask = 2147483647;
			files = (
				8CB8AEC42222E19800C3D8D1 /* LaunchScreen.storyboard in Resources */,
				8CB8AEC12222E19800C3D8D1 /* Assets.xcassets in Resources */,
				8CB8AEBF2222E19600C3D8D1 /* Main.storyboard in Resources */,
			);
			runOnlyForDeploymentPostprocessing = 0;
		};
/* End PBXResourcesBuildPhase section */

/* Begin PBXSourcesBuildPhase section */
		8CB8AEB22222E19600C3D8D1 /* Sources */ = {
			isa = PBXSourcesBuildPhase;
			buildActionMask = 2147483647;
			files = (
				8CB8AECC2222E1F900C3D8D1 /* ViewController.swift in Sources */,
				8CB8AEBA2222E19600C3D8D1 /* AppDelegate.swift in Sources */,
				8CB8AECE2222E20600C3D8D1 /* MemoTableViewController.swift in Sources */,
			);
			runOnlyForDeploymentPostprocessing = 0;
		};
/* End PBXSourcesBuildPhase section */

/* Begin PBXVariantGroup section */
		8CB8AEBD2222E19600C3D8D1 /* Main.storyboard */ = {
			isa = PBXVariantGroup;
			children = (
				8CB8AEBE2222E19600C3D8D1 /* Base */,
			);
			name = Main.storyboard;
			sourceTree = "<group>";
		};
		8CB8AEC22222E19800C3D8D1 /* LaunchScreen.storyboard */ = {
			isa = PBXVariantGroup;
			children = (
				8CB8AEC32222E19800C3D8D1 /* Base */,
			);
			name = LaunchScreen.storyboard;
			sourceTree = "<group>";
		};
/* End PBXVariantGroup section */

/* Begin XCBuildConfiguration section */
		8CB8AEC62222E19800C3D8D1 /* Debug */ = {
			isa = XCBuildConfiguration;
			buildSettings = {
				ALWAYS_SEARCH_USER_PATHS = NO;
				CLANG_ANALYZER_NONNULL = YES;
				CLANG_ANALYZER_NUMBER_OBJECT_CONVERSION = YES_AGGRESSIVE;
				CLANG_CXX_LANGUAGE_STANDARD = "gnu++14";
				CLANG_CXX_LIBRARY = "libc++";
				CLANG_ENABLE_MODULES = YES;
				CLANG_ENABLE_OBJC_ARC = YES;
				CLANG_ENABLE_OBJC_WEAK = YES;
				CLANG_WARN_BLOCK_CAPTURE_AUTORELEASING = YES;
				CLANG_WARN_BOOL_CONVERSION = YES;
				CLANG_WARN_COMMA = YES;
				CLANG_WARN_CONSTANT_CONVERSION = YES;
				CLANG_WARN_DEPRECATED_OBJC_IMPLEMENTATIONS = YES;
				CLANG_WARN_DIRECT_OBJC_ISA_USAGE = YES_ERROR;
				CLANG_WARN_DOCUMENTATION_COMMENTS = YES;
				CLANG_WARN_EMPTY_BODY = YES;
				CLANG_WARN_ENUM_CONVERSION = YES;
				CLANG_WARN_INFINITE_RECURSION = YES;
				CLANG_WARN_INT_CONVERSION = YES;
				CLANG_WARN_NON_LITERAL_NULL_CONVERSION = YES;
				CLANG_WARN_OBJC_IMPLICIT_RETAIN_SELF = YES;
				CLANG_WARN_OBJC_LITERAL_CONVERSION = YES;
				CLANG_WARN_OBJC_ROOT_CLASS = YES_ERROR;
				CLANG_WARN_RANGE_LOOP_ANALYSIS = YES;
				CLANG_WARN_STRICT_PROTOTYPES = YES;
				CLANG_WARN_SUSPICIOUS_MOVE = YES;
				CLANG_WARN_UNGUARDED_AVAILABILITY = YES_AGGRESSIVE;
				CLANG_WARN_UNREACHABLE_CODE = YES;
				CLANG_WARN__DUPLICATE_METHOD_MATCH = YES;
				CODE_SIGN_IDENTITY = "iPhone Developer";
				COPY_PHASE_STRIP = NO;
				DEBUG_INFORMATION_FORMAT = dwarf;
				ENABLE_STRICT_OBJC_MSGSEND = YES;
				ENABLE_TESTABILITY = YES;
				GCC_C_LANGUAGE_STANDARD = gnu11;
				GCC_DYNAMIC_NO_PIC = NO;
				GCC_NO_COMMON_BLOCKS = YES;
				GCC_OPTIMIZATION_LEVEL = 0;
				GCC_PREPROCESSOR_DEFINITIONS = (
					"DEBUG=1",
					"$(inherited)",
				);
				GCC_WARN_64_TO_32_BIT_CONVERSION = YES;
				GCC_WARN_ABOUT_RETURN_TYPE = YES_ERROR;
				GCC_WARN_UNDECLARED_SELECTOR = YES;
				GCC_WARN_UNINITIALIZED_AUTOS = YES_AGGRESSIVE;
				GCC_WARN_UNUSED_FUNCTION = YES;
				GCC_WARN_UNUSED_VARIABLE = YES;
				IPHONEOS_DEPLOYMENT_TARGET = 12.1;
				MTL_ENABLE_DEBUG_INFO = INCLUDE_SOURCE;
				MTL_FAST_MATH = YES;
				ONLY_ACTIVE_ARCH = YES;
				SDKROOT = iphoneos;
				SWIFT_ACTIVE_COMPILATION_CONDITIONS = DEBUG;
				SWIFT_OPTIMIZATION_LEVEL = "-Onone";
			};
			name = Debug;
		};
		8CB8AEC72222E19800C3D8D1 /* Release */ = {
			isa = XCBuildConfiguration;
			buildSettings = {
				ALWAYS_SEARCH_USER_PATHS = NO;
				CLANG_ANALYZER_NONNULL = YES;
				CLANG_ANALYZER_NUMBER_OBJECT_CONVERSION = YES_AGGRESSIVE;
				CLANG_CXX_LANGUAGE_STANDARD = "gnu++14";
				CLANG_CXX_LIBRARY = "libc++";
				CLANG_ENABLE_MODULES = YES;
				CLANG_ENABLE_OBJC_ARC = YES;
				CLANG_ENABLE_OBJC_WEAK = YES;
				CLANG_WARN_BLOCK_CAPTURE_AUTORELEASING = YES;
				CLANG_WARN_BOOL_CONVERSION = YES;
				CLANG_WARN_COMMA = YES;
				CLANG_WARN_CONSTANT_CONVERSION = YES;
				CLANG_WARN_DEPRECATED_OBJC_IMPLEMENTATIONS = YES;
				CLANG_WARN_DIRECT_OBJC_ISA_USAGE = YES_ERROR;
				CLANG_WARN_DOCUMENTATION_COMMENTS = YES;
				CLANG_WARN_EMPTY_BODY = YES;
				CLANG_WARN_ENUM_CONVERSION = YES;
				CLANG_WARN_INFINITE_RECURSION = YES;
				CLANG_WARN_INT_CONVERSION = YES;
				CLANG_WARN_NON_LITERAL_NULL_CONVERSION = YES;
				CLANG_WARN_OBJC_IMPLICIT_RETAIN_SELF = YES;
				CLANG_WARN_OBJC_LITERAL_CONVERSION = YES;
				CLANG_WARN_OBJC_ROOT_CLASS = YES_ERROR;
				CLANG_WARN_RANGE_LOOP_ANALYSIS = YES;
				CLANG_WARN_STRICT_PROTOTYPES = YES;
				CLANG_WARN_SUSPICIOUS_MOVE = YES;
				CLANG_WARN_UNGUARDED_AVAILABILITY = YES_AGGRESSIVE;
				CLANG_WARN_UNREACHABLE_CODE = YES;
				CLANG_WARN__DUPLICATE_METHOD_MATCH = YES;
				CODE_SIGN_IDENTITY = "iPhone Developer";
				COPY_PHASE_STRIP = NO;
				DEBUG_INFORMATION_FORMAT = "dwarf-with-dsym";
				ENABLE_NS_ASSERTIONS = NO;
				ENABLE_STRICT_OBJC_MSGSEND = YES;
				GCC_C_LANGUAGE_STANDARD = gnu11;
				GCC_NO_COMMON_BLOCKS = YES;
				GCC_WARN_64_TO_32_BIT_CONVERSION = YES;
				GCC_WARN_ABOUT_RETURN_TYPE = YES_ERROR;
				GCC_WARN_UNDECLARED_SELECTOR = YES;
				GCC_WARN_UNINITIALIZED_AUTOS = YES_AGGRESSIVE;
				GCC_WARN_UNUSED_FUNCTION = YES;
				GCC_WARN_UNUSED_VARIABLE = YES;
				IPHONEOS_DEPLOYMENT_TARGET = 12.1;
				MTL_ENABLE_DEBUG_INFO = NO;
				MTL_FAST_MATH = YES;
				SDKROOT = iphoneos;
				SWIFT_COMPILATION_MODE = wholemodule;
				SWIFT_OPTIMIZATION_LEVEL = "-O";
				VALIDATE_PRODUCT = YES;
			};
			name = Release;
		};
		8CB8AEC92222E19800C3D8D1 /* Debug */ = {
			isa = XCBuildConfiguration;
			buildSettings = {
				ASSETCATALOG_COMPILER_APPICON_NAME = AppIcon;
				CODE_SIGN_STYLE = Automatic;
				DEVELOPMENT_TEAM = 244Q8ZKA3G;
				INFOPLIST_FILE = tableTextView/Info.plist;
				LD_RUNPATH_SEARCH_PATHS = (
					"$(inherited)",
					"@executable_path/Frameworks",
				);
				PRODUCT_BUNDLE_IDENTIFIER = jp.primetheory.tableTextView;
				PRODUCT_NAME = "$(TARGET_NAME)";
				SWIFT_VERSION = 4.2;
				TARGETED_DEVICE_FAMILY = "1,2";
			};
			name = Debug;
		};
		8CB8AECA2222E19800C3D8D1 /* Release */ = {
			isa = XCBuildConfiguration;
			buildSettings = {
				ASSETCATALOG_COMPILER_APPICON_NAME = AppIcon;
				CODE_SIGN_STYLE = Automatic;
				DEVELOPMENT_TEAM = 244Q8ZKA3G;
				INFOPLIST_FILE = tableTextView/Info.plist;
				LD_RUNPATH_SEARCH_PATHS = (
					"$(inherited)",
					"@executable_path/Frameworks",
				);
				PRODUCT_BUNDLE_IDENTIFIER = jp.primetheory.tableTextView;
				PRODUCT_NAME = "$(TARGET_NAME)";
				SWIFT_VERSION = 4.2;
				TARGETED_DEVICE_FAMILY = "1,2";
			};
			name = Release;
		};
/* End XCBuildConfiguration section */

/* Begin XCConfigurationList section */
		8CB8AEB12222E19600C3D8D1 /* Build configuration list for PBXProject "tableTextView" */ = {
			isa = XCConfigurationList;
			buildConfigurations = (
				8CB8AEC62222E19800C3D8D1 /* Debug */,
				8CB8AEC72222E19800C3D8D1 /* Release */,
			);
			defaultConfigurationIsVisible = 0;
			defaultConfigurationName = Release;
		};
		8CB8AEC82222E19800C3D8D1 /* Build configuration list for PBXNativeTarget "tableTextView" */ = {
			isa = XCConfigurationList;
			buildConfigurations = (
				8CB8AEC92222E19800C3D8D1 /* Debug */,
				8CB8AECA2222E19800C3D8D1 /* Release */,
			);
			defaultConfigurationIsVisible = 0;
			defaultConfigurationName = Release;
		};
/* End XCConfigurationList section */
	};
	rootObject = 8CB8AEAE2222E19600C3D8D1 /* Project object */;
}
